{
  "name": "QueryToolv2",
  "lockfileVersion": 3,
  "requires": true,
  "packages": {
    "": {
      "devDependencies": {
        "baseline-browser-mapping": "^2.10.31"
      }
    },
    "node_modules/baseline-browser-mapping": {
      "version": "2.10.31",
      "resolved": "https://registry.npmjs.org/baseline-browser-mapping/-/baseline-browser-mapping-2.10.31.tgz",
      "integrity": "sha512-MujYO3eP72uvmSE0i4wltsodRfIpZATP3jvzRNRGGxgzId7aVocVJJV3nf01qnzzKFGxQVC9bpWxl5cjxTr/7Q==",
      "dev": true,
      "license": "Apache-2.0",
      "bin": {
        "baseline-browser-mapping": "dist/cli.cjs"
      },
      "engines": {
        "node": ">=6.0.0"
      }
    }
  }
}
