
Microsoft Visual Studio Solution File, Format Version 12.00
# Visual Studio Version 17
VisualStudioVersion = 17.14.36310.24 d17.14
MinimumVisualStudioVersion = 10.0.40219.1
Project("{FAE04EC0-301F-11D3-BF4B-00C04F79EFBC}") = "QueryTool.Api", "QueryTool.Api\QueryTool.Api.csproj", "{F8A99034-4098-4618-B3DA-5FD4036ACFFE}"
EndProject
Project("{FAE04EC0-301F-11D3-BF4B-00C04F79EFBC}") = "QueryTool.Core", "QueryTool.Core\QueryTool.Core.csproj", "{E1804AE7-173A-4B21-9076-10D0BA8008E6}"
EndProject
Project("{FAE04EC0-301F-11D3-BF4B-00C04F79EFBC}") = "QueryTool.Infrastructure", "QueryTool.Infrastructure\QueryTool.Infrastructure.csproj", "{41DB919E-0162-4A1E-BD96-2AE560CEFFFE}"
EndProject
Global
	GlobalSection(SolutionConfigurationPlatforms) = preSolution
		Debug|Any CPU = Debug|Any CPU
		Release|Any CPU = Release|Any CPU
	EndGlobalSection
	GlobalSection(ProjectConfigurationPlatforms) = postSolution
		{F8A99034-4098-4618-B3DA-5FD4036ACFFE}.Debug|Any CPU.ActiveCfg = Debug|Any CPU
		{F8A99034-4098-4618-B3DA-5FD4036ACFFE}.Debug|Any CPU.Build.0 = Debug|Any CPU
		{F8A99034-4098-4618-B3DA-5FD4036ACFFE}.Release|Any CPU.ActiveCfg = Release|Any CPU
		{F8A99034-4098-4618-B3DA-5FD4036ACFFE}.Release|Any CPU.Build.0 = Release|Any CPU
		{E1804AE7-173A-4B21-9076-10D0BA8008E6}.Debug|Any CPU.ActiveCfg = Debug|Any CPU
		{E1804AE7-173A-4B21-9076-10D0BA8008E6}.Debug|Any CPU.Build.0 = Debug|Any CPU
		{E1804AE7-173A-4B21-9076-10D0BA8008E6}.Release|Any CPU.ActiveCfg = Release|Any CPU
		{E1804AE7-173A-4B21-9076-10D0BA8008E6}.Release|Any CPU.Build.0 = Release|Any CPU
		{41DB919E-0162-4A1E-BD96-2AE560CEFFFE}.Debug|Any CPU.ActiveCfg = Debug|Any CPU
		{41DB919E-0162-4A1E-BD96-2AE560CEFFFE}.Debug|Any CPU.Build.0 = Debug|Any CPU
		{41DB919E-0162-4A1E-BD96-2AE560CEFFFE}.Release|Any CPU.ActiveCfg = Release|Any CPU
		{41DB919E-0162-4A1E-BD96-2AE560CEFFFE}.Release|Any CPU.Build.0 = Release|Any CPU
	EndGlobalSection
	GlobalSection(SolutionProperties) = preSolution
		HideSolutionNode = FALSE
	EndGlobalSection
	GlobalSection(ExtensibilityGlobals) = postSolution
		SolutionGuid = {D4337228-650B-4F86-BBEB-25777ECF4A48}
	EndGlobalSection
EndGlobal
